
Microsoft Visual Studio Solution File, Format Version 12.00
# Visual Studio Version 16
VisualStudioVersion = 16.0.31729.503
MinimumVisualStudioVersion = 10.0.40219.1
Project("{FAE04EC0-301F-11D3-BF4B-00C04F79EFBC}") = "Random Selector", "Random Selector\Random Selector.csproj", "{C072E394-3483-46DC-87F6-FC31A8917810}"
EndProject
Global
	GlobalSection(SolutionConfigurationPlatforms) = preSolution
		Debug|Any CPU = Debug|Any CPU
		Release|Any CPU = Release|Any CPU
	EndGlobalSection
	GlobalSection(ProjectConfigurationPlatforms) = postSolution
		{C072E394-3483-46DC-87F6-FC31A8917810}.Debug|Any CPU.ActiveCfg = Debug|Any CPU
		{C072E394-3483-46DC-87F6-FC31A8917810}.Debug|Any CPU.Build.0 = Debug|Any CPU
		{C072E394-3483-46DC-87F6-FC31A8917810}.Release|Any CPU.ActiveCfg = Release|Any CPU
		{C072E394-3483-46DC-87F6-FC31A8917810}.Release|Any CPU.Build.0 = Release|Any CPU
	EndGlobalSection
	GlobalSection(SolutionProperties) = preSolution
		HideSolutionNode = FALSE
	EndGlobalSection
	GlobalSection(ExtensibilityGlobals) = postSolution
		SolutionGuid = {CB9A5C84-60A4-49DB-9168-8B663BD45F68}
	EndGlobalSection
EndGlobal
